# This file is automatically @generated by Cargo.
# It is not intended for manual editing.
version = 4

[[package]]
name = "lazy_static"
version = "1.4.0"
source = "registry+https://github.com/rust-lang/crates.io-index"
checksum = "e2abad23fbc42b3700f2f279844dc832adb2b2eb069b2df918f455c4e18cc646"

[[package]]
name = "lenient_semver"
version = "0.4.2"
source = "registry+https://github.com/rust-lang/crates.io-index"
checksum = "de8de3f4f3754c280ce1c8c42ed8dd26a9c8385c2e5ad4ec5a77e774cea9c1ec"
dependencies = [
 "lenient_semver_parser",
 "semver",
]

[[package]]
name = "lenient_semver_parser"
version = "0.4.2"
source = "registry+https://github.com/rust-lang/crates.io-index"
checksum = "7f650c1d024ddc26b4bb79c3076b30030f2cf2b18292af698c81f7337a64d7d6"
dependencies = [
 "lenient_semver_version_builder",
 "semver",
]

[[package]]
name = "lenient_semver_version_builder"
version = "0.4.2"
source = "registry+https://github.com/rust-lang/crates.io-index"
checksum = "9049f8ff49f75b946f95557148e70230499c8a642bf2d6528246afc7d0282d17"
dependencies = [
 "semver",
]

[[package]]
name = "semver"
version = "1.0.26"
source = "registry+https://github.com/rust-lang/crates.io-index"
checksum = "56e6fa9c48d24d85fb3de5ad847117517440f6beceb7798af16b4a87d616b8d0"

[[package]]
name = "waybar-module-pacman-updates"
version = "0.2.7"
dependencies = [
 "lazy_static",
 "lenient_semver",
]
